{
  "name": "multiplayer_game",
  "version": "1.0.0",
  "lockfileVersion": 3,
  "requires": true,
  "packages": {
    "": {
      "name": "multiplayer_game",
      "version": "1.0.0",
      "license": "ISC",
      "dependencies": {
        "multiplayer_game": "file:"
      }
    },
    "node_modules/multiplayer_game": {
      "resolved": "",
      "link": true
    }
  }
}
